<?xml version="1.0" encoding="UTF-8"?>
<Scheme
   LastUpgradeVersion = "1020"
   version = "1.7">
   <BuildAction
      parallelizeBuildables = "YES"
      buildImplicitDependencies = "YES">
      <PreActions>
         <ExecutionAction
            ActionType = "Xcode.IDEStandardExecutionActionsCore.ExecutionActionType.ShellScriptAction">
            <ActionContent
               title = "Run Script"
               scriptText = "formatDate=$(date &quot;+%Y%m%d%H%M%S&quot;)&#10;buildNumber=&quot;${formatDate}&quot;&#10;/usr/libexec/PlistBuddy -c &quot;Set :CFBundleVersion ${buildNumber}&quot; &quot;${PROJECT_DIR}/${INFOPLIST_FILE}&quot;&#10;/usr/libexec/PlistBuddy -c &quot;Set :CFBundleVersion ${buildNumber}&quot; &quot;${SRCROOT}/&lt;YOUR WATCHKIT APP FOLDER&gt;/Info.plist&quot;&#10;/usr/libexec/PlistBuddy -c &quot;Set :CFBundleVersion ${buildNumber}&quot; &quot;${SRCROOT}/&lt;YOUR WATCHKIT EXTENSION FOLDER&gt;/Info.plist&quot;&#10;">
               <EnvironmentBuildable>
                  <BuildableReference
                     BuildableIdentifier = "primary"
                     BlueprintIdentifier = "D2B0EA2B2221B04B005A6F12"
                     BuildableName = "POS.app"
                     BlueprintName = "POS"
                     ReferencedContainer = "container:POS.xcodeproj">
                  </BuildableReference>
               </EnvironmentBuildable>
            </ActionContent>
         </ExecutionAction>
      </PreActions>
      <BuildActionEntries>
         <BuildActionEntry
            buildForTesting = "YES"
            buildForRunning = "YES"
            buildForProfiling = "YES"
            buildForArchiving = "YES"
            buildForAnalyzing = "YES">
            <BuildableReference
               BuildableIdentifier = "primary"
               BlueprintIdentifier = "D2B0EA2B2221B04B005A6F12"
               BuildableName = "POS.app"
               BlueprintName = "POS"
               ReferencedContainer = "container:POS.xcodeproj">
            </BuildableReference>
         </BuildActionEntry>
      </BuildActionEntries>
   </BuildAction>
   <TestAction
      buildConfiguration = "Debug"
      selectedDebuggerIdentifier = "Xcode.DebuggerFoundation.Debugger.LLDB"
      selectedLauncherIdentifier = "Xcode.DebuggerFoundation.Launcher.LLDB"
      shouldUseLaunchSchemeArgsEnv = "YES">
      <Testables>
         <TestableReference
            skipped = "NO">
            <BuildableReference
               BuildableIdentifier = "primary"
               BlueprintIdentifier = "D2B0EA432221B04D005A6F12"
               BuildableName = "POSTests.xctest"
               BlueprintName = "POSTests"
               ReferencedContainer = "container:POS.xcodeproj">
            </BuildableReference>
         </TestableReference>
         <TestableReference
            skipped = "NO">
            <BuildableReference
               BuildableIdentifier = "primary"
               BlueprintIdentifier = "D2B0EA4E2221B04D005A6F12"
               BuildableName = "POSUITests.xctest"
               BlueprintName = "POSUITests"
               ReferencedContainer = "container:POS.xcodeproj">
            </BuildableReference>
         </TestableReference>
      </Testables>
      <MacroExpansion>
         <BuildableReference
            BuildableIdentifier = "primary"
            BlueprintIdentifier = "D2B0EA2B2221B04B005A6F12"
            BuildableName = "POS.app"
            BlueprintName = "POS"
            ReferencedContainer = "container:POS.xcodeproj">
         </BuildableReference>
      </MacroExpansion>
      <AdditionalOptions>
      </AdditionalOptions>
   </TestAction>
   <LaunchAction
      buildConfiguration = "Debug"
      selectedDebuggerIdentifier = "Xcode.DebuggerFoundation.Debugger.LLDB"
      selectedLauncherIdentifier = "Xcode.DebuggerFoundation.Launcher.LLDB"
      launchStyle = "0"
      useCustomWorkingDirectory = "NO"
      ignoresPersistentStateOnLaunch = "NO"
      debugDocumentVersioning = "YES"
      debugServiceExtension = "internal"
      allowLocationSimulation = "YES">
      <BuildableProductRunnable
         runnableDebuggingMode = "0">
         <BuildableReference
            BuildableIdentifier = "primary"
            BlueprintIdentifier = "D2B0EA2B2221B04B005A6F12"
            BuildableName = "POS.app"
            BlueprintName = "POS"
            ReferencedContainer = "container:POS.xcodeproj">
         </BuildableReference>
      </BuildableProductRunnable>
      <AdditionalOptions>
      </AdditionalOptions>
   </LaunchAction>
   <ProfileAction
      buildConfiguration = "Release"
      shouldUseLaunchSchemeArgsEnv = "YES"
      savedToolIdentifier = ""
      useCustomWorkingDirectory = "NO"
      debugDocumentVersioning = "YES">
      <BuildableProductRunnable
         runnableDebuggingMode = "0">
         <BuildableReference
            BuildableIdentifier = "primary"
            BlueprintIdentifier = "D2B0EA2B2221B04B005A6F12"
            BuildableName = "POS.app"
            BlueprintName = "POS"
            ReferencedContainer = "container:POS.xcodeproj">
         </BuildableReference>
      </BuildableProductRunnable>
   </ProfileAction>
   <AnalyzeAction
      buildConfiguration = "Debug">
   </AnalyzeAction>
   <ArchiveAction
      buildConfiguration = "Release"
      revealArchiveInOrganizer = "YES">
   </ArchiveAction>
</Scheme>
